
Microsoft Visual Studio Solution File, Format Version 12.00
Project("{FAE04EC0-301F-11D3-BF4B-00C04F79EFBC}") = "Fundamentos programacin class1", "Fundamentos programacin class1\Fundamentos programacin class1.csproj", "{160C4ADE-828B-4CE3-BBEC-CE8C9DAC4A6A}"
EndProject
Global
	GlobalSection(SolutionConfigurationPlatforms) = preSolution
		Debug|Any CPU = Debug|Any CPU
		Release|Any CPU = Release|Any CPU
	EndGlobalSection
	GlobalSection(ProjectConfigurationPlatforms) = postSolution
		{160C4ADE-828B-4CE3-BBEC-CE8C9DAC4A6A}.Debug|Any CPU.ActiveCfg = Debug|Any CPU
		{160C4ADE-828B-4CE3-BBEC-CE8C9DAC4A6A}.Debug|Any CPU.Build.0 = Debug|Any CPU
		{160C4ADE-828B-4CE3-BBEC-CE8C9DAC4A6A}.Release|Any CPU.ActiveCfg = Release|Any CPU
		{160C4ADE-828B-4CE3-BBEC-CE8C9DAC4A6A}.Release|Any CPU.Build.0 = Release|Any CPU
	EndGlobalSection
EndGlobal
